version = 1
revision = 3
requires-python = ">=3.14"

[[package]]
name = "asgiref"
version = "3.12.1"
source = { registry = "https://pypi.org/simple" }
sdist = { url = "https://files.pythonhosted.org/packages/e6/26/3b59f2bdae5f640389becb1f673cded775287f5fc4f816309d9ca9a3f93d/asgiref-3.12.1.tar.gz", hash = "sha256:59dcb51c272ad209d59bed5708a64a333083e86017d7fcdd67498eeab7784340", size = 42378, upload-time = "2026-07-14T09:56:18.087Z" }
wheels = [
    { url = "https://files.pythonhosted.org/packages/c0/1b/54f4ad77cd8a584fa70746c47df988e002cf1ee1eba43364d46f87803647/asgiref-3.12.1-py3-none-any.whl", hash = "sha256:fe386d1c2bff7259ea95929266d12a8cf9a8b5a1c2598402967d8792e7a7c094", size = 25478, upload-time = "2026-07-14T09:56:16.926Z" },
]

[[package]]
name = "django"
version = "6.0.6"
source = { registry = "https://pypi.org/simple" }
dependencies = [
    { name = "asgiref" },
    { name = "sqlparse" },
    { name = "tzdata", marker = "sys_platform == 'win32'" },
]
sdist = { url = "https://files.pythonhosted.org/packages/78/29/ac41e16097af67066d97a7d5775c5d8e7efc5d0284f6b0a159e07b9adb92/django-6.0.6.tar.gz", hash = "sha256:ad03916ba59523d781ae5c3f631960c23d69a9d9c43cecda52fc23b47e953713", size = 10905525, upload-time = "2026-06-03T13:02:46.503Z" }
wheels = [
    { url = "https://files.pythonhosted.org/packages/eb/50/23f9dc45483419a3cc2085b498b25adfbf10642b2941c73e6d2dfaffc9ab/django-6.0.6-py3-none-any.whl", hash = "sha256:25148b1194c47c2e685e5f5e9c5d59c78b075dfd282cb9618861ba6c1708f4d2", size = 8373354, upload-time = "2026-06-03T13:02:41.72Z" },
]

[[package]]
name = "django-stubs"
version = "6.0.7"
source = { registry = "https://pypi.org/simple" }
dependencies = [
    { name = "django" },
    { name = "django-stubs-ext" },
    { name = "types-pyyaml" },
    { name = "typing-extensions" },
]
sdist = { url = "https://files.pythonhosted.org/packages/8a/90/087c6e424e705e05182e543ef6b366a59eb5c92ab008b0dbbba55f357a40/django_stubs-6.0.7.tar.gz", hash = "sha256:bc55431c0af745a64e39cf33a8d36c87dccbedeae2fe26fab47dd355270e8538", size = 282293, upload-time = "2026-07-14T10:08:27.122Z" }
wheels = [
    { url = "https://files.pythonhosted.org/packages/02/86/230ae6056221b543d63f7710d73967fe1c6840693540e99ea3c54f45859c/django_stubs-6.0.7-py3-none-any.whl", hash = "sha256:7ed9a14c438e589272ca04e966dee82a4d1ff7ca5c2171bc986c50a0d03ec35b", size = 547460, upload-time = "2026-07-14T10:08:25.626Z" },
]

[[package]]
name = "django-stubs-ext"
version = "6.0.7"
source = { registry = "https://pypi.org/simple" }
dependencies = [
    { name = "django" },
    { name = "typing-extensions" },
]
sdist = { url = "https://files.pythonhosted.org/packages/36/50/917f7224ea470e89cdcdc93d3dfe75b8391adf976cf12f2ecdb5f5d122be/django_stubs_ext-6.0.7.tar.gz", hash = "sha256:c3172c5126614fd2a44d0196b313b44c21f717cb09477ba52b447d41f4ce613e", size = 6665, upload-time = "2026-07-14T10:07:56.933Z" }
wheels = [
    { url = "https://files.pythonhosted.org/packages/83/65/4d73fce956b5ebf26449259664360e539fbe95f0e86be396c28b636ba72a/django_stubs_ext-6.0.7-py3-none-any.whl", hash = "sha256:53a9c7c5a7c7e718cc6308cfce1e7470f2cac0b9d38dbcd60fbfa82704f1d592", size = 10362, upload-time = "2026-07-14T10:07:55.653Z" },
]

[[package]]
name = "djangorestframework"
version = "3.16.1"
source = { registry = "https://pypi.org/simple" }
dependencies = [
    { name = "django" },
]
sdist = { url = "https://files.pythonhosted.org/packages/8a/95/5376fe618646fde6899b3cdc85fd959716bb67542e273a76a80d9f326f27/djangorestframework-3.16.1.tar.gz", hash = "sha256:166809528b1aced0a17dc66c24492af18049f2c9420dbd0be29422029cfc3ff7", size = 1089735, upload-time = "2025-08-06T17:50:53.251Z" }
wheels = [
    { url = "https://files.pythonhosted.org/packages/b0/ce/bf8b9d3f415be4ac5588545b5fcdbbb841977db1c1d923f7568eeabe1689/djangorestframework-3.16.1-py3-none-any.whl", hash = "sha256:33a59f47fb9c85ede792cbf88bde71893bcda0667bc573f784649521f1102cec", size = 1080442, upload-time = "2025-08-06T17:50:50.667Z" },
]

[[package]]
name = "djangorestframework-stubs"
version = "3.17.1"
source = { registry = "https://pypi.org/simple" }
dependencies = [
    { name = "django-stubs" },
    { name = "types-pyyaml" },
    { name = "typing-extensions" },
]
sdist = { url = "https://files.pythonhosted.org/packages/8a/4b/1bee065c6c87ee04b905732deb53acdfc43d0e5673f43a5f75ec4deb7f6f/djangorestframework_stubs-3.17.1.tar.gz", hash = "sha256:5b67655090e2976b778bad572840b732a87ab2911402530d0dca2fbf72f891c5", size = 33470, upload-time = "2026-07-28T21:27:52.071Z" }
wheels = [
    { url = "https://files.pythonhosted.org/packages/86/38/6a04ffca56e24220bf37494fe9f75ce9abe8115776a90c924732bb37823a/djangorestframework_stubs-3.17.1-py3-none-any.whl", hash = "sha256:40f1f22ec1965d1caff17c66794b87799eb8f42e0628ea46b501dcd565d8a803", size = 57562, upload-time = "2026-07-28T21:27:50.58Z" },
]

[[package]]
name = "freyja"
version = "0.1.0"
source = { editable = "." }
dependencies = [
    { name = "django" },
    { name = "djangorestframework" },
    { name = "djangorestframework-stubs" },
    { name = "pillow" },
    { name = "psycopg", extra = ["binary", "pool"] },
]

[package.optional-dependencies]
dev = [
    { name = "ruff" },
]

[package.metadata]
requires-dist = [
    { name = "django", specifier = "==6.0.6" },
    { name = "djangorestframework", specifier = "==3.16.1" },
    { name = "djangorestframework-stubs", specifier = ">=3.17.1" },
    { name = "pillow", specifier = "==12.2.0" },
    { name = "psycopg", extras = ["binary", "pool"], specifier = "==3.3.4" },
    { name = "ruff", marker = "extra == 'dev'", specifier = "==0.15.18" },
]
provides-extras = ["dev"]

[[package]]
name = "pillow"
version = "12.2.0"
source = { registry = "https://pypi.org/simple" }
sdist = { url = "https://files.pythonhosted.org/packages/8c/21/c2bcdd5906101a30244eaffc1b6e6ce71a31bd0742a01eb89e660ebfac2d/pillow-12.2.0.tar.gz", hash = "sha256:a830b1a40919539d07806aa58e1b114df53ddd43213d9c8b75847eee6c0182b5", size = 46987819, upload-time = "2026-04-01T14:46:17.687Z" }
wheels = [
    { url = "https://files.pythonhosted.org/packages/bf/98/4595daa2365416a86cb0d495248a393dfc84e96d62ad080c8546256cb9c0/pillow-12.2.0-cp314-cp314-ios_13_0_arm64_iphoneos.whl", hash = "sha256:3adc9215e8be0448ed6e814966ecf3d9952f0ea40eb14e89a102b87f450660d8", size = 4100848, upload-time = "2026-04-01T14:44:48.48Z" },
    { url = "https://files.pythonhosted.org/packages/0b/79/40184d464cf89f6663e18dfcf7ca21aae2491fff1a16127681bf1fa9b8cf/pillow-12.2.0-cp314-cp314-ios_13_0_arm64_iphonesimulator.whl", hash = "sha256:6a9adfc6d24b10f89588096364cc726174118c62130c817c2837c60cf08a392b", size = 4176515, upload-time = "2026-04-01T14:44:51.353Z" },
    { url = "https://files.pythonhosted.org/packages/b0/63/703f86fd4c422a9cf722833670f4f71418fb116b2853ff7da722ea43f184/pillow-12.2.0-cp314-cp314-ios_13_0_x86_64_iphonesimulator.whl", hash = "sha256:6a6e67ea2e6feda684ed370f9a1c52e7a243631c025ba42149a2cc5934dec295", size = 3640159, upload-time = "2026-04-01T14:44:53.588Z" },
    { url = "https://files.pythonhosted.org/packages/71/e0/fb22f797187d0be2270f83500aab851536101b254bfa1eae10795709d283/pillow-12.2.0-cp314-cp314-macosx_10_15_x86_64.whl", hash = "sha256:2bb4a8d594eacdfc59d9e5ad972aa8afdd48d584ffd5f13a937a664c3e7db0ed", size = 5312185, upload-time = "2026-04-01T14:44:56.039Z" },
    { url = "https://files.pythonhosted.org/packages/ba/8c/1a9e46228571de18f8e28f16fabdfc20212a5d019f3e3303452b3f0a580d/pillow-12.2.0-cp314-cp314-macosx_11_0_arm64.whl", hash = "sha256:80b2da48193b2f33ed0c32c38140f9d3186583ce7d516526d462645fd98660ae", size = 4695386, upload-time = "2026-04-01T14:44:58.663Z" },
    { url = "https://files.pythonhosted.org/packages/70/62/98f6b7f0c88b9addd0e87c217ded307b36be024d4ff8869a812b241d1345/pillow-12.2.0-cp314-cp314-manylinux2014_aarch64.manylinux_2_17_aarch64.whl", hash = "sha256:22db17c68434de69d8ecfc2fe821569195c0c373b25cccb9cbdacf2c6e53c601", size = 6280384, upload-time = "2026-04-01T14:45:01.5Z" },
    { url = "https://files.pythonhosted.org/packages/5e/03/688747d2e91cfbe0e64f316cd2e8005698f76ada3130d0194664174fa5de/pillow-12.2.0-cp314-cp314-manylinux2014_x86_64.manylinux_2_17_x86_64.whl", hash = "sha256:7b14cc0106cd9aecda615dd6903840a058b4700fcb817687d0ee4fc8b6e389be", size = 8091599, upload-time = "2026-04-01T14:45:04.5Z" },
    { url = "https://files.pythonhosted.org/packages/f6/35/577e22b936fcdd66537329b33af0b4ccfefaeabd8aec04b266528cddb33c/pillow-12.2.0-cp314-cp314-manylinux_2_27_aarch64.manylinux_2_28_aarch64.whl", hash = "sha256:8cbeb542b2ebc6fcdacabf8aca8c1a97c9b3ad3927d46b8723f9d4f033288a0f", size = 6396021, upload-time = "2026-04-01T14:45:07.117Z" },
    { url = "https://files.pythonhosted.org/packages/11/8d/d2532ad2a603ca2b93ad9f5135732124e57811d0168155852f37fbce2458/pillow-12.2.0-cp314-cp314-manylinux_2_27_x86_64.manylinux_2_28_x86_64.whl", hash = "sha256:4bfd07bc812fbd20395212969e41931001fd59eb55a60658b0e5710872e95286", size = 7083360, upload-time = "2026-04-01T14:45:09.763Z" },
    { url = "https://files.pythonhosted.org/packages/5e/26/d325f9f56c7e039034897e7380e9cc202b1e368bfd04d4cbe6a441f02885/pillow-12.2.0-cp314-cp314-musllinux_1_2_aarch64.whl", hash = "sha256:9aba9a17b623ef750a4d11b742cbafffeb48a869821252b30ee21b5e91392c50", size = 6507628, upload-time = "2026-04-01T14:45:12.378Z" },
    { url = "https://files.pythonhosted.org/packages/5f/f7/769d5632ffb0988f1c5e7660b3e731e30f7f8ec4318e94d0a5d674eb65a4/pillow-12.2.0-cp314-cp314-musllinux_1_2_x86_64.whl", hash = "sha256:deede7c263feb25dba4e82ea23058a235dcc2fe1f6021025dc71f2b618e26104", size = 7209321, upload-time = "2026-04-01T14:45:15.122Z" },
    { url = "https://files.pythonhosted.org/packages/6a/7a/c253e3c645cd47f1aceea6a8bacdba9991bf45bb7dfe927f7c893e89c93c/pillow-12.2.0-cp314-cp314-win32.whl", hash = "sha256:632ff19b2778e43162304d50da0181ce24ac5bb8180122cbe1bf4673428328c7", size = 6479723, upload-time = "2026-04-01T14:45:17.797Z" },
    { url = "https://files.pythonhosted.org/packages/cd/8b/601e6566b957ca50e28725cb6c355c59c2c8609751efbecd980db44e0349/pillow-12.2.0-cp314-cp314-win_amd64.whl", hash = "sha256:4e6c62e9d237e9b65fac06857d511e90d8461a32adcc1b9065ea0c0fa3a28150", size = 7217400, upload-time = "2026-04-01T14:45:20.529Z" },
    { url = "https://files.pythonhosted.org/packages/d6/94/220e46c73065c3e2951bb91c11a1fb636c8c9ad427ac3ce7d7f3359b9b2f/pillow-12.2.0-cp314-cp314-win_arm64.whl", hash = "sha256:b1c1fbd8a5a1af3412a0810d060a78b5136ec0836c8a4ef9aa11807f2a22f4e1", size = 2554835, upload-time = "2026-04-01T14:45:23.162Z" },
    { url = "https://files.pythonhosted.org/packages/b6/ab/1b426a3974cb0e7da5c29ccff4807871d48110933a57207b5a676cccc155/pillow-12.2.0-cp314-cp314t-macosx_10_15_x86_64.whl", hash = "sha256:57850958fe9c751670e49b2cecf6294acc99e562531f4bd317fa5ddee2068463", size = 5314225, upload-time = "2026-04-01T14:45:25.637Z" },
    { url = "https://files.pythonhosted.org/packages/19/1e/dce46f371be2438eecfee2a1960ee2a243bbe5e961890146d2dee1ff0f12/pillow-12.2.0-cp314-cp314t-macosx_11_0_arm64.whl", hash = "sha256:d5d38f1411c0ed9f97bcb49b7bd59b6b7c314e0e27420e34d99d844b9ce3b6f3", size = 4698541, upload-time = "2026-04-01T14:45:28.355Z" },
    { url = "https://files.pythonhosted.org/packages/55/c3/7fbecf70adb3a0c33b77a300dc52e424dc22ad8cdc06557a2e49523b703d/pillow-12.2.0-cp314-cp314t-manylinux2014_aarch64.manylinux_2_17_aarch64.whl", hash = "sha256:5c0a9f29ca8e79f09de89293f82fc9b0270bb4af1d58bc98f540cc4aedf03166", size = 6322251, upload-time = "2026-04-01T14:45:30.924Z" },
    { url = "https://files.pythonhosted.org/packages/1c/3c/7fbc17cfb7e4fe0ef1642e0abc17fc6c94c9f7a16be41498e12e2ba60408/pillow-12.2.0-cp314-cp314t-manylinux2014_x86_64.manylinux_2_17_x86_64.whl", hash = "sha256:1610dd6c61621ae1cf811bef44d77e149ce3f7b95afe66a4512f8c59f25d9ebe", size = 8127807, upload-time = "2026-04-01T14:45:33.908Z" },
    { url = "https://files.pythonhosted.org/packages/ff/c3/a8ae14d6defd2e448493ff512fae903b1e9bd40b72efb6ec55ce0048c8ce/pillow-12.2.0-cp314-cp314t-manylinux_2_27_aarch64.manylinux_2_28_aarch64.whl", hash = "sha256:0a34329707af4f73cf1782a36cd2289c0368880654a2c11f027bcee9052d35dd", size = 6433935, upload-time = "2026-04-01T14:45:36.623Z" },
    { url = "https://files.pythonhosted.org/packages/6e/32/2880fb3a074847ac159d8f902cb43278a61e85f681661e7419e6596803ed/pillow-12.2.0-cp314-cp314t-manylinux_2_27_x86_64.manylinux_2_28_x86_64.whl", hash = "sha256:8e9c4f5b3c546fa3458a29ab22646c1c6c787ea8f5ef51300e5a60300736905e", size = 7116720, upload-time = "2026-04-01T14:45:39.258Z" },
    { url = "https://files.pythonhosted.org/packages/46/87/495cc9c30e0129501643f24d320076f4cc54f718341df18cc70ec94c44e1/pillow-12.2.0-cp314-cp314t-musllinux_1_2_aarch64.whl", hash = "sha256:fb043ee2f06b41473269765c2feae53fc2e2fbf96e5e22ca94fb5ad677856f06", size = 6540498, upload-time = "2026-04-01T14:45:41.879Z" },
    { url = "https://files.pythonhosted.org/packages/18/53/773f5edca692009d883a72211b60fdaf8871cbef075eaa9d577f0a2f989e/pillow-12.2.0-cp314-cp314t-musllinux_1_2_x86_64.whl", hash = "sha256:f278f034eb75b4e8a13a54a876cc4a5ab39173d2cdd93a638e1b467fc545ac43", size = 7239413, upload-time = "2026-04-01T14:45:44.705Z" },
    { url = "https://files.pythonhosted.org/packages/c9/e4/4b64a97d71b2a83158134abbb2f5bd3f8a2ea691361282f010998f339ec7/pillow-12.2.0-cp314-cp314t-win32.whl", hash = "sha256:6bb77b2dcb06b20f9f4b4a8454caa581cd4dd0643a08bacf821216a16d9c8354", size = 6482084, upload-time = "2026-04-01T14:45:47.568Z" },
    { url = "https://files.pythonhosted.org/packages/ba/13/306d275efd3a3453f72114b7431c877d10b1154014c1ebbedd067770d629/pillow-12.2.0-cp314-cp314t-win_amd64.whl", hash = "sha256:6562ace0d3fb5f20ed7290f1f929cae41b25ae29528f2af1722966a0a02e2aa1", size = 7225152, upload-time = "2026-04-01T14:45:50.032Z" },
    { url = "https://files.pythonhosted.org/packages/ff/6e/cf826fae916b8658848d7b9f38d88da6396895c676e8086fc0988073aaf8/pillow-12.2.0-cp314-cp314t-win_arm64.whl", hash = "sha256:aa88ccfe4e32d362816319ed727a004423aab09c5cea43c01a4b435643fa34eb", size = 2556579, upload-time = "2026-04-01T14:45:52.529Z" },
]

[[package]]
name = "psycopg"
version = "3.3.4"
source = { registry = "https://pypi.org/simple" }
dependencies = [
    { name = "tzdata", marker = "sys_platform == 'win32'" },
]
sdist = { url = "https://files.pythonhosted.org/packages/db/2f/cb91e5502ec9de1de6f1b76cfbf69531932725361168bb06963620c77e2e/psycopg-3.3.4.tar.gz", hash = "sha256:e21207764952cff81b6b8bdacad9a3939f2793367fdac2987b3aac36a651b5bc", size = 165799, upload-time = "2026-05-01T23:31:55.179Z" }
wheels = [
    { url = "https://files.pythonhosted.org/packages/5c/e0/7b3dee031daae7743609ce3c746565d4a3ed7c2c186479eb48e34e838c64/psycopg-3.3.4-py3-none-any.whl", hash = "sha256:b6bbc25ccf05c8fad3b061d9db2ef0909a555171b84b07f29458a447253d679a", size = 213001, upload-time = "2026-05-01T23:20:50.816Z" },
]

[package.optional-dependencies]
binary = [
    { name = "psycopg-binary", marker = "implementation_name != 'pypy'" },
]
pool = [
    { name = "psycopg-pool" },
]

[[package]]
name = "psycopg-binary"
version = "3.3.4"
source = { registry = "https://pypi.org/simple" }
wheels = [
    { url = "https://files.pythonhosted.org/packages/48/a6/828c9185701dab71b234c2a76c38a08b098ebfec5020716b4e93807492b5/psycopg_binary-3.3.4-cp314-cp314-macosx_10_15_x86_64.whl", hash = "sha256:28b7398fdd19db3232c884fb24550bdfe951221f510e195e233299e4c9b78f97", size = 4607292, upload-time = "2026-05-01T23:30:38.962Z" },
    { url = "https://files.pythonhosted.org/packages/92/58/5b40dbc9d839045c9dae956960e4fb6d20bcabe6c59a2aa34fc3a371913f/psycopg_binary-3.3.4-cp314-cp314-macosx_11_0_arm64.whl", hash = "sha256:1fbaa292a3c8bb61b45df1ad3da1908ccee7cb889db9425e3557d9e34e2a4829", size = 4687023, upload-time = "2026-05-01T23:30:47.227Z" },
    { url = "https://files.pythonhosted.org/packages/85/a9/793f0ac107a9003b48441d0d1f9f616d96e0f37458dd8dc12528ceff55fb/psycopg_binary-3.3.4-cp314-cp314-manylinux2014_ppc64le.manylinux_2_17_ppc64le.whl", hash = "sha256:94596f9e7633ee3f6440711d43bb70aa31cc0a46a900ab8b4201a366ace5c9e7", size = 5486985, upload-time = "2026-05-01T23:30:55.517Z" },
    { url = "https://files.pythonhosted.org/packages/8f/26/42e8533497e2592334f68ec529cf5f840f7fa4e99575a4bb61aa184dbfbf/psycopg_binary-3.3.4-cp314-cp314-manylinux2014_x86_64.manylinux_2_17_x86_64.whl", hash = "sha256:8c0056529e68dbe9184cd4019a1f3d8f3a4ead2f6fc7a5afcf27d3314edd1277", size = 5168745, upload-time = "2026-05-01T23:31:01.904Z" },
    { url = "https://files.pythonhosted.org/packages/15/af/b7151776cc08d5935d45c833ec818a9beb417cf7c08239af1aafbdae78ee/psycopg_binary-3.3.4-cp314-cp314-manylinux_2_27_aarch64.manylinux_2_28_aarch64.whl", hash = "sha256:2c09aad7051326e7603c14e50636db9c01f78272dc54b3accff03d46370461e6", size = 6761486, upload-time = "2026-05-01T23:31:14.511Z" },
    { url = "https://files.pythonhosted.org/packages/d0/ed/c92533b9124712d592cbf1cd6c76da933a2e0acea81dfe1fbe7e735f0cff/psycopg_binary-3.3.4-cp314-cp314-manylinux_2_38_riscv64.manylinux_2_39_riscv64.whl", hash = "sha256:514404ed543efd620c85602b747df2a23cf1241b4067199e1a66f2d2757aaa41", size = 4997427, upload-time = "2026-05-01T23:31:20.901Z" },
    { url = "https://files.pythonhosted.org/packages/a2/23/ccadfd0de416aa188356daa199453af24087b042e296088706d190ae0295/psycopg_binary-3.3.4-cp314-cp314-musllinux_1_2_aarch64.whl", hash = "sha256:46893c26858be12cc49ca4226ed6a60b4bfccadd946b3bebb783a60b38788228", size = 4533549, upload-time = "2026-05-01T23:31:26.204Z" },
    { url = "https://files.pythonhosted.org/packages/fd/a0/c8f43cee36386f7bc891ab41a9d31ea07cf9826038e732da79f26b1e5f34/psycopg_binary-3.3.4-cp314-cp314-musllinux_1_2_ppc64le.whl", hash = "sha256:df1d567fc430f6df15c9fcf67d87685fc49bdb325adc0db5af1adfb2f44eb5c9", size = 4210256, upload-time = "2026-05-01T23:31:33.884Z" },
    { url = "https://files.pythonhosted.org/packages/4e/2c/c1547871be3790676e8868b38655496422f94f0978dfb66b74bdba2f1676/psycopg_binary-3.3.4-cp314-cp314-musllinux_1_2_riscv64.whl", hash = "sha256:6b9016b1714da4dd5ecaaa75b82098aa5a0b87854ce9b092e21c27c4ae23e014", size = 3946204, upload-time = "2026-05-01T23:31:39.626Z" },
    { url = "https://files.pythonhosted.org/packages/c4/b1/f6670f00fa7ea601584623f6c11602ab92117d83eaff885e0210f6de7418/psycopg_binary-3.3.4-cp314-cp314-musllinux_1_2_x86_64.whl", hash = "sha256:47c656a8a7ba6eb0cff1801a4caaa9c8bdc12d03080e273aff1c8ac39971a77e", size = 4255811, upload-time = "2026-05-01T23:31:44.986Z" },
    { url = "https://files.pythonhosted.org/packages/eb/e6/5fff07a70d1f945ed90ae131c3bd76cab32beff7c58c6db15ad5820b6d1f/psycopg_binary-3.3.4-cp314-cp314-win_amd64.whl", hash = "sha256:c37e024c07308cd06cf3ec51bfd0e7f6157585a4d84d1bce4a7f5f7913719bf8", size = 3666849, upload-time = "2026-05-01T23:31:51.165Z" },
]

[[package]]
name = "psycopg-pool"
version = "3.3.1"
source = { registry = "https://pypi.org/simple" }
dependencies = [
    { name = "typing-extensions" },
]
sdist = { url = "https://files.pythonhosted.org/packages/90/82/7a23d26039827ecd4ebe93905651029ddd307c5182ad59296dfb6f67b528/psycopg_pool-3.3.1.tar.gz", hash = "sha256:b10b10b7a175d5cc1592147dc5b7eec8a9e0834eb3ed2c4a92c858e2f51eb63c", size = 31661, upload-time = "2026-05-01T23:31:59.809Z" }
wheels = [
    { url = "https://files.pythonhosted.org/packages/37/ed/89c2c620af0e1660354cd8aabf9f5b21f911597ce22acb37c805d6c86bc8/psycopg_pool-3.3.1-py3-none-any.whl", hash = "sha256:2af5b432941c4c9ad5c87b3fa410aec910ec8f7c122855897983a06c45f2e4b5", size = 40023, upload-time = "2026-05-01T23:31:53.136Z" },
]

[[package]]
name = "ruff"
version = "0.15.18"
source = { registry = "https://pypi.org/simple" }
sdist = { url = "https://files.pythonhosted.org/packages/74/98/1295ad5a5aa9bc85bdcdfa5d82fe7b49c61af5657df4f227637ff9de0da6/ruff-0.15.18.tar.gz", hash = "sha256:2698a964c70e8bf402dcb99c8810472d270d141e7aa8c4e13599fd52033a2f33", size = 4761437, upload-time = "2026-06-18T18:25:39.224Z" }
wheels = [
    { url = "https://files.pythonhosted.org/packages/b9/d0/686e984941269621e2be72612d5c1e461f8f7b38415a2a7d7a81c8ae6715/ruff-0.15.18-py3-none-linux_armv6l.whl", hash = "sha256:8b6850172348c8381b8b3084c5915a4393c2373b9b54cd5b5e1ea15812bc10df", size = 10887308, upload-time = "2026-06-18T18:25:03.062Z" },
    { url = "https://files.pythonhosted.org/packages/ed/21/bc4123e3f5515ee99f8ce1eb93a14a0628fe4d1678663cd08f933ac16931/ruff-0.15.18-py3-none-macosx_10_12_x86_64.whl", hash = "sha256:3fccc153a85417dcd976883160cacce486997b0a0058dd18f54b8aaaac7d1ce2", size = 11281305, upload-time = "2026-06-18T18:25:30.026Z" },
    { url = "https://files.pythonhosted.org/packages/51/93/4769464c25cf7ab2acb3c7dda9cad3d867eb41c59565b3e2a9d17249c90c/ruff-0.15.18-py3-none-macosx_11_0_arm64.whl", hash = "sha256:08d4c86a68f2c3ec2c9d56380a71fb4a4f65373055cbb8caabd645e9102f38d4", size = 10641215, upload-time = "2026-06-18T18:25:15.802Z" },
    { url = "https://files.pythonhosted.org/packages/6c/42/56926d17120db2c208d76bf60a1a019644dd9e91dc27f0f95c9caddb1366/ruff-0.15.18-py3-none-manylinux_2_17_aarch64.manylinux2014_aarch64.whl", hash = "sha256:37e5108745c2c0705da916d7d4de533ddf547051ef45f62888c31bae73f66318", size = 10957224, upload-time = "2026-06-18T18:25:36.955Z" },
    { url = "https://files.pythonhosted.org/packages/22/4f/d43fab8d8189afde803103022d000a8ef9f230616d436d52a8b2b8d63b50/ruff-0.15.18-py3-none-manylinux_2_17_armv7l.manylinux2014_armv7l.whl", hash = "sha256:56949a6ce8b3abde54c0bcb22cebfe57e8771cadc84b407ae8b8eaf67ebdcd43", size = 10699024, upload-time = "2026-06-18T18:25:05.707Z" },
    { url = "https://files.pythonhosted.org/packages/63/42/1e3e4c68bd408b9768cf3e439acbe2c78245225faef253f7028a0cdb63e0/ruff-0.15.18-py3-none-manylinux_2_17_i686.manylinux2014_i686.whl", hash = "sha256:01a754cd6a1b630d3f97e33eb452cf7a98040482318e870f8bc52a5a30e62657", size = 11491458, upload-time = "2026-06-18T18:25:20.275Z" },
    { url = "https://files.pythonhosted.org/packages/20/77/47a3484bea8521e14a203d98c389c5c97846675e4f02734672da4a69b52a/ruff-0.15.18-py3-none-manylinux_2_17_ppc64le.manylinux2014_ppc64le.whl", hash = "sha256:6ba7a07e03a44dbf10bb086ee06705b173625014ec99f73a7e6836a5e5590a0c", size = 12383752, upload-time = "2026-06-18T18:25:22.535Z" },
    { url = "https://files.pythonhosted.org/packages/0a/ca/054159590787023d83b658a1a1819c4c8910114e7015069340b71c0961cb/ruff-0.15.18-py3-none-manylinux_2_17_s390x.manylinux2014_s390x.whl", hash = "sha256:5a2c40a41a4cadbcf5897b548ab29dfe248b20c540961c0247d98a3973c70403", size = 11577923, upload-time = "2026-06-18T18:25:10.702Z" },
    { url = "https://files.pythonhosted.org/packages/6d/ff/d353d6b7bbd73cc0ec37f4463d7540e45e894338abdd9964eee0de332708/ruff-0.15.18-py3-none-manylinux_2_17_x86_64.manylinux2014_x86_64.whl", hash = "sha256:5f0480ce690cbb6c4db6e5d08f19fce98e10ba131a8b60c1bcdac42771e3ae2d", size = 11583925, upload-time = "2026-06-18T18:25:32.391Z" },
    { url = "https://files.pythonhosted.org/packages/c1/4a/891f89b9c296ed3e5f3ece1a5629badc989d9a8fdaa30431aaf4774bc1c2/ruff-0.15.18-py3-none-manylinux_2_31_riscv64.whl", hash = "sha256:2330215f1f393fa8733f55edce04fcf94c36a2c460fcde31f78cc84e4951e9b1", size = 11582834, upload-time = "2026-06-18T18:25:27.309Z" },
    { url = "https://files.pythonhosted.org/packages/32/a3/ed9e370154bf85de360b93c03026157f02d4943b2d01ff4945f4429f8e8a/ruff-0.15.18-py3-none-musllinux_1_2_aarch64.whl", hash = "sha256:a6aa6a3d979e48ae617578183674bf264fbe7d0114a796a26bd678d67963c7ff", size = 10927328, upload-time = "2026-06-18T18:25:34.676Z" },
    { url = "https://files.pythonhosted.org/packages/f5/d1/5cf5909329fedb5d39d555ee818ba5cf4638e1a301b89785d34f2905bfcb/ruff-0.15.18-py3-none-musllinux_1_2_armv7l.whl", hash = "sha256:a81beadbbff2c9c245561ae3f77b16709d87f35eec650d0501679239d3449b22", size = 10693187, upload-time = "2026-06-18T18:25:08.245Z" },
    { url = "https://files.pythonhosted.org/packages/fd/44/ff6c635cf2c4f4e7b618b6640da057376baa36014695487d88aed4794268/ruff-0.15.18-py3-none-musllinux_1_2_i686.whl", hash = "sha256:2186d9e940ae332ab293623a75b5f4fe49565f449954d50a72a046683aa6b809", size = 11208721, upload-time = "2026-06-18T18:25:41.327Z" },
    { url = "https://files.pythonhosted.org/packages/88/d9/5baa2a30861adfb7022cf33c1e35b2fc18085b08c16f83eff4c7b99a5f48/ruff-0.15.18-py3-none-musllinux_1_2_x86_64.whl", hash = "sha256:5c2abf140438032bc77b2284a6c9944ecd8a19e5f1c7b52b1b8e4a0a80d19a7a", size = 11678599, upload-time = "2026-06-18T18:25:13.607Z" },
    { url = "https://files.pythonhosted.org/packages/c3/1a/0725a7cfdc32ff769efb96ee782bec882e16448c5d9e3be947ec4c04ce27/ruff-0.15.18-py3-none-win32.whl", hash = "sha256:02299e6e9fa5b297a3f6d5d10d7bcd655c925b028bb8b9d4588214549c6b9ec4", size = 10901903, upload-time = "2026-06-18T18:25:24.755Z" },
    { url = "https://files.pythonhosted.org/packages/f3/51/805d9f6fb7970505c3504794a5ec350f605361b807fef4dcf214ebd35e72/ruff-0.15.18-py3-none-win_amd64.whl", hash = "sha256:dac80dc8d26b2257dbefabed62f5d255c3937b4ccb122da1fc634794fa3578b3", size = 12041189, upload-time = "2026-06-18T18:25:17.915Z" },
    { url = "https://files.pythonhosted.org/packages/29/4c/67bb45e41609eb4726f1bfeb59e083cf91d14c696d4bd14c234a980be93d/ruff-0.15.18-py3-none-win_arm64.whl", hash = "sha256:b2c9257fcbd4a3e5b977a1904e6facca016bafe2edc17df24db67cfaee03b4e4", size = 11329958, upload-time = "2026-06-18T18:25:43.686Z" },
]

[[package]]
name = "sqlparse"
version = "0.5.5"
source = { registry = "https://pypi.org/simple" }
sdist = { url = "https://files.pythonhosted.org/packages/90/76/437d71068094df0726366574cf3432a4ed754217b436eb7429415cf2d480/sqlparse-0.5.5.tar.gz", hash = "sha256:e20d4a9b0b8585fdf63b10d30066c7c94c5d7a7ec47c889a2d83a3caa93ff28e", size = 120815, upload-time = "2025-12-19T07:17:45.073Z" }
wheels = [
    { url = "https://files.pythonhosted.org/packages/49/4b/359f28a903c13438ef59ebeee215fb25da53066db67b305c125f1c6d2a25/sqlparse-0.5.5-py3-none-any.whl", hash = "sha256:12a08b3bf3eec877c519589833aed092e2444e68240a3577e8e26148acc7b1ba", size = 46138, upload-time = "2025-12-19T07:17:46.573Z" },
]

[[package]]
name = "types-pyyaml"
version = "6.0.12.20260724"
source = { registry = "https://pypi.org/simple" }
sdist = { url = "https://files.pythonhosted.org/packages/3f/6f/a28f44bcd56bebed42b028a2894c79853e2f5e6b5279e633cb3f287a05e7/types_pyyaml-6.0.12.20260724.tar.gz", hash = "sha256:3c1ce1bb73cd5ec02e90390c2b1f00e810d241d8825fd73ff359696839271b6b", size = 17893, upload-time = "2026-07-24T04:58:43.453Z" }
wheels = [
    { url = "https://files.pythonhosted.org/packages/8b/42/0337fefc615e20ee55d1c8f71b774a9b2b734a04669139c20753b27a2a3a/types_pyyaml-6.0.12.20260724-py3-none-any.whl", hash = "sha256:d57db930a4b2efbc57cf430ec8882765d246929432fa253092f383902329a453", size = 20312, upload-time = "2026-07-24T04:58:42.486Z" },
]

[[package]]
name = "typing-extensions"
version = "4.16.0"
source = { registry = "https://pypi.org/simple" }
sdist = { url = "https://files.pythonhosted.org/packages/f6/cc/6253133b5bb138fc3306cebfbda2c520f545d36b5be2c7255cc528bb45d6/typing_extensions-4.16.0.tar.gz", hash = "sha256:dc983d19a509c94dba722ee6abd33940f7c05a89e243c47e907eb4db6f1a43e5", size = 113555, upload-time = "2026-07-02T08:40:05.92Z" }
wheels = [
    { url = "https://files.pythonhosted.org/packages/49/d3/b8441a820a491ddfc024b0b0cf0393375b75ea13866d9c66727e54c2fc80/typing_extensions-4.16.0-py3-none-any.whl", hash = "sha256:481caa481374e813c1b176ada14e97f1f67a4539ce9cfeb3f350d78d6370c2e8", size = 45571, upload-time = "2026-07-02T08:40:04.659Z" },
]

[[package]]
name = "tzdata"
version = "2026.3"
source = { registry = "https://pypi.org/simple" }
sdist = { url = "https://files.pythonhosted.org/packages/92/ff/5a28bdfd8c3ebec42564ac7d0e54ca3db65044a9314a97f9564fa7a1e926/tzdata-2026.3.tar.gz", hash = "sha256:4a1518b8993086a7982523e071643f3c0e5f213e75b21318e78bcabfff9d1415", size = 198674, upload-time = "2026-07-10T08:50:37.887Z" }
wheels = [
    { url = "https://files.pythonhosted.org/packages/e5/6d/b53b99a9f2766d095985947a5782f1702cabb129a34f7a802d7197af832f/tzdata-2026.3-py2.py3-none-any.whl", hash = "sha256:dc096730c87af6cab1b171c9d532be840741ff5d459015e7f6947bd7d7e54931", size = 348168, upload-time = "2026-07-10T08:50:36.46Z" },
]
